
Microsoft Visual Studio Solution File, Format Version 12.00
Project("{FAE04EC0-301F-11D3-BF4B-00C04F79EFBC}") = "CodeTesterConsoleApp", "CodeTesterConsoleApp\CodeTesterConsoleApp.csproj", "{6CEFAD00-7499-46CB-83FF-D14C37E6EE2B}"
EndProject
Project("{FAE04EC0-301F-11D3-BF4B-00C04F79EFBC}") = "ParcelManagementSystemMVC", "ParcelManagementSystemMVC\ParcelManagementSystemMVC.csproj", "{215C9548-F2B8-4067-BFC9-296822431811}"
EndProject
Global
	GlobalSection(SolutionConfigurationPlatforms) = preSolution
		Debug|Any CPU = Debug|Any CPU
		Release|Any CPU = Release|Any CPU
	EndGlobalSection
	GlobalSection(ProjectConfigurationPlatforms) = postSolution
		{6CEFAD00-7499-46CB-83FF-D14C37E6EE2B}.Debug|Any CPU.ActiveCfg = Debug|Any CPU
		{6CEFAD00-7499-46CB-83FF-D14C37E6EE2B}.Debug|Any CPU.Build.0 = Debug|Any CPU
		{6CEFAD00-7499-46CB-83FF-D14C37E6EE2B}.Release|Any CPU.ActiveCfg = Release|Any CPU
		{6CEFAD00-7499-46CB-83FF-D14C37E6EE2B}.Release|Any CPU.Build.0 = Release|Any CPU
		{215C9548-F2B8-4067-BFC9-296822431811}.Debug|Any CPU.ActiveCfg = Debug|Any CPU
		{215C9548-F2B8-4067-BFC9-296822431811}.Debug|Any CPU.Build.0 = Debug|Any CPU
		{215C9548-F2B8-4067-BFC9-296822431811}.Release|Any CPU.ActiveCfg = Release|Any CPU
		{215C9548-F2B8-4067-BFC9-296822431811}.Release|Any CPU.Build.0 = Release|Any CPU
	EndGlobalSection
EndGlobal
